// !$*UTF8*$!
{
	archiveVersion = 1;
	classes = {
	};
	objectVersion = 46;
	objects = {

/* Begin PBXAggregateTarget section */
		70B8E0649FADA33728A8D2A8 /* ZERO_CHECK */ = {
			isa = PBXAggregateTarget;
			buildConfigurationList = CC70D569F66646D9A5F443B0 /* Build configuration list for PBXAggregateTarget "ZERO_CHECK" */;
			buildPhases = (
				419458AD47186170C2F33607 /* Generate CMakeFiles/ZERO_CHECK */,
			);
			dependencies = (
			);
			name = ZERO_CHECK;
			productName = ZERO_CHECK;
		};
		E34518B2EE1EF93B5F317900 /* ALL_BUILD */ = {
			isa = PBXAggregateTarget;
			buildConfigurationList = 790684D52A3F4535802B56DF /* Build configuration list for PBXAggregateTarget "ALL_BUILD" */;
			buildPhases = (
				B64C2DF89512CF848225D82B /* Generate CMakeFiles/ALL_BUILD */,
			);
			dependencies = (
				B5A0302A29C14B9ABA4688C7 /* PBXTargetDependency */,
				DB55488D4DBA46B5A36AB050 /* PBXTargetDependency */,
			);
			name = ALL_BUILD;
			productName = ALL_BUILD;
		};
/* End PBXAggregateTarget section */

/* Begin PBXBuildFile section */
		01F2726F5B9845FEBFB53677 /* /Users/shiobara/Documents/Fliperama/include/GerenciadorGrafico.hpp */ = {isa = PBXBuildFile; fileRef = 7CDF581023C2460DB1730076 /* /Users/shiobara/Documents/Fliperama/include/GerenciadorGrafico.hpp */; };
		026B00D1C4BA4A4CB2495754 /* /Users/shiobara/Documents/Fliperama/include/Tetris.hpp */ = {isa = PBXBuildFile; fileRef = 389AF67BBE724A8F8EBCAECB /* /Users/shiobara/Documents/Fliperama/include/Tetris.hpp */; };
		050CE120D52543D38FCC715F /* /Users/shiobara/Documents/Fliperama/assets/placeholder.txt */ = {isa = PBXBuildFile; fileRef = 6A2AFE2B0D4143D98F188C9E /* /Users/shiobara/Documents/Fliperama/assets/placeholder.txt */; };
		143A837EB675446192E1AD5F /* /Users/shiobara/Documents/Fliperama/src/Entidade.cpp */ = {isa = PBXBuildFile; fileRef = 13CEFF32576540C1B7BBA5A1 /* /Users/shiobara/Documents/Fliperama/src/Entidade.cpp */; };
		19DF1E16C1B34F2CB35D2BA8 /* /Users/shiobara/Documents/Fliperama/include/PoderVelocidade.hpp */ = {isa = PBXBuildFile; fileRef = 90DF7266E37140A098C5126A /* /Users/shiobara/Documents/Fliperama/include/PoderVelocidade.hpp */; };
		2AF7AECFA95C464692013D57 /* /Users/shiobara/Documents/Fliperama/include/Raquete.hpp */ = {isa = PBXBuildFile; fileRef = C5D58979F28C4020B6435B4A /* /Users/shiobara/Documents/Fliperama/include/Raquete.hpp */; };
		2B620FE7AE8E4564A536DA62 /* /Users/shiobara/Documents/Fliperama/src/main.cpp */ = {isa = PBXBuildFile; fileRef = 37517777ADF24BD3A15DD782 /* /Users/shiobara/Documents/Fliperama/src/main.cpp */; };
		519745EFE250462A90FF9C5B /* /Users/shiobara/Documents/Fliperama/include/Pong.hpp */ = {isa = PBXBuildFile; fileRef = 71DCE1F4105340F79D27171C /* /Users/shiobara/Documents/Fliperama/include/Pong.hpp */; };
		5466862A68A64728A0D9D709 /* /Users/shiobara/Documents/Fliperama/assets/.DS_Store */ = {isa = PBXBuildFile; fileRef = 33F7F9B3D4C045DFA950B631 /* /Users/shiobara/Documents/Fliperama/assets/.DS_Store */; };
		5AC89307E441414297BB64F0 /* /Users/shiobara/Documents/Fliperama/include/VectorTL.hpp */ = {isa = PBXBuildFile; fileRef = 4FA6E11FEFEC4FBEAFE9CD81 /* /Users/shiobara/Documents/Fliperama/include/VectorTL.hpp */; };
		68EC52220DA4470393768133 /* /Users/shiobara/Documents/Fliperama/include/Poderes.hpp */ = {isa = PBXBuildFile; fileRef = AE2A88BB530E48189E797613 /* /Users/shiobara/Documents/Fliperama/include/Poderes.hpp */; };
		6C87B9D6C8374AA7A3EAA7AB /* /Users/shiobara/Documents/Fliperama/src/Blocos.cpp */ = {isa = PBXBuildFile; fileRef = 83870D1A6CFD4EC095A9FE04 /* /Users/shiobara/Documents/Fliperama/src/Blocos.cpp */; };
		6EF12899D6FF48E5BCC36099 /* /Users/shiobara/Documents/Fliperama/src/PoderVelocidade.cpp */ = {isa = PBXBuildFile; fileRef = 447D100B4A1745B89F1F0AB7 /* /Users/shiobara/Documents/Fliperama/src/PoderVelocidade.cpp */; };
		72931A4A001E4C65B56CA060 /* /Users/shiobara/Documents/Fliperama/src/Poderes.cpp */ = {isa = PBXBuildFile; fileRef = 709A3356B73C44C7B143EB05 /* /Users/shiobara/Documents/Fliperama/src/Poderes.cpp */; };
		8B49110F528442FCBC765F8F /* /Users/shiobara/Documents/Fliperama/include/Gol.hpp */ = {isa = PBXBuildFile; fileRef = CD198A02489541BF8C0E9278 /* /Users/shiobara/Documents/Fliperama/include/Gol.hpp */; };
		8BD03E26DB7E4FFDAE70F351 /* /Users/shiobara/Documents/Fliperama/include/Entidade.hpp */ = {isa = PBXBuildFile; fileRef = B732F49C4D9D4ACAB7DA3264 /* /Users/shiobara/Documents/Fliperama/include/Entidade.hpp */; };
		959A479F9E5B44148042E63F /* /Users/shiobara/Documents/Fliperama/CMakeLists.txt */ = {isa = PBXBuildFile; fileRef = 762811AE7CB94CCF9D4B9466 /* /Users/shiobara/Documents/Fliperama/CMakeLists.txt */; };
		96510804EB114ADCA1F87B3A /* /Users/shiobara/Documents/Fliperama/src/PoderTamanho.cpp */ = {isa = PBXBuildFile; fileRef = 5D10347F63B74109AA6A8B6C /* /Users/shiobara/Documents/Fliperama/src/PoderTamanho.cpp */; };
		9A4B8D221FF8422C86414BB3 /* /Users/shiobara/Documents/Fliperama/src/Tetris.cpp */ = {isa = PBXBuildFile; fileRef = A1992C0849384EC98752094B /* /Users/shiobara/Documents/Fliperama/src/Tetris.cpp */; };
		9BCAAEF35BC44D2B851C5D52 /* /Users/shiobara/Documents/Fliperama/include/PoderTamanho.hpp */ = {isa = PBXBuildFile; fileRef = F92796C2E9C24AB78AAFD9D1 /* /Users/shiobara/Documents/Fliperama/include/PoderTamanho.hpp */; };
		9D667215C6D0471AB8EFDEA9 /* /Users/shiobara/Documents/Fliperama/include/Bola.hpp */ = {isa = PBXBuildFile; fileRef = AA95E366FA6B40C2A6F4369E /* /Users/shiobara/Documents/Fliperama/include/Bola.hpp */; };
		A53DE303AB3D4BB1B4FFFDEC /* /Users/shiobara/Documents/Fliperama/src/Gol.cpp */ = {isa = PBXBuildFile; fileRef = 7E41C0AD1D2B44FA9A48F3D8 /* /Users/shiobara/Documents/Fliperama/src/Gol.cpp */; };
		A89529C065624D659C838BC8 /* /Users/shiobara/Documents/Fliperama/include/Blocos.hpp */ = {isa = PBXBuildFile; fileRef = A45608EE18654255951C2637 /* /Users/shiobara/Documents/Fliperama/include/Blocos.hpp */; };
		C1E225ECE15C4FC79EA5B63F /* /Users/shiobara/Documents/Fliperama/src/Bola.cpp */ = {isa = PBXBuildFile; fileRef = DD6A3DA335FC4FE8BAF7A7D2 /* /Users/shiobara/Documents/Fliperama/src/Bola.cpp */; };
		C58C30B86F6145F7B8A8E66A /* /Users/shiobara/Documents/Fliperama/src/Pong.cpp */ = {isa = PBXBuildFile; fileRef = 1ED018BB112441A5BCCE58F6 /* /Users/shiobara/Documents/Fliperama/src/Pong.cpp */; };
		DA34B51CD852471ABDD0970D /* /Users/shiobara/Documents/Fliperama/src/GerenciadorGrafico.cpp */ = {isa = PBXBuildFile; fileRef = 81910DA594CD4D73A3CE79E4 /* /Users/shiobara/Documents/Fliperama/src/GerenciadorGrafico.cpp */; };
		E7812DF391124BC785B0614C /* /Users/shiobara/Documents/Fliperama/include/Mapa.hpp */ = {isa = PBXBuildFile; fileRef = 0A090EDD2E4343BBA0CB2F76 /* /Users/shiobara/Documents/Fliperama/include/Mapa.hpp */; };
		EA5CFF6CC0EE4851BBA3B272 /* /Users/shiobara/Documents/Fliperama/assets/Font/FONT.ttf */ = {isa = PBXBuildFile; fileRef = 689E114B7B1C48C9A0130270 /* /Users/shiobara/Documents/Fliperama/assets/Font/FONT.ttf */; };
		EC491F913A4346A9A3BA613E /* /Users/shiobara/Documents/Fliperama/src/Raquete.cpp */ = {isa = PBXBuildFile; fileRef = 525643DDB2A94DEB9ED83902 /* /Users/shiobara/Documents/Fliperama/src/Raquete.cpp */; };
		F5EC728103434789AB75C088 /* /Users/shiobara/Documents/Fliperama/src/Mapa.cpp */ = {isa = PBXBuildFile; fileRef = 69CF0C0CC1AB4228AD371F34 /* /Users/shiobara/Documents/Fliperama/src/Mapa.cpp */; };
/* End PBXBuildFile section */

/* Begin PBXBuildStyle section */
		8B3495CA6EFE4C8C8A309425 /* Release */ = {
			isa = PBXBuildStyle;
			buildSettings = {
				COPY_PHASE_STRIP = NO;
			};
			name = Release;
		};
		B9ADE21528FD4BEEAD7BF045 /* RelWithDebInfo */ = {
			isa = PBXBuildStyle;
			buildSettings = {
				COPY_PHASE_STRIP = NO;
			};
			name = RelWithDebInfo;
		};
		C43825BBF2BD419A86C8F35A /* MinSizeRel */ = {
			isa = PBXBuildStyle;
			buildSettings = {
				COPY_PHASE_STRIP = NO;
			};
			name = MinSizeRel;
		};
		FDF17E97915C4DB9BCFDEC8A /* Debug */ = {
			isa = PBXBuildStyle;
			buildSettings = {
				COPY_PHASE_STRIP = NO;
			};
			name = Debug;
		};
/* End PBXBuildStyle section */

/* Begin PBXContainerItemProxy section */
		6533BB37BD8E4B478264799E /* PBXContainerItemProxy */ = {
			isa = PBXContainerItemProxy;
			containerPortal = 87787BC1A1E046CF94E5C8F5 /* Project object */;
			proxyType = 1;
			remoteGlobalIDString = 977DCEA9F0B976D2A5B37B34;
			remoteInfo = Fliperama;
		};
		C703C2B00BCE4C42B43F3612 /* PBXContainerItemProxy */ = {
			isa = PBXContainerItemProxy;
			containerPortal = 87787BC1A1E046CF94E5C8F5 /* Project object */;
			proxyType = 1;
			remoteGlobalIDString = 70B8E0649FADA33728A8D2A8;
			remoteInfo = ZERO_CHECK;
		};
		C9866FBA811340B8B58B3E65 /* PBXContainerItemProxy */ = {
			isa = PBXContainerItemProxy;
			containerPortal = 87787BC1A1E046CF94E5C8F5 /* Project object */;
			proxyType = 1;
			remoteGlobalIDString = 70B8E0649FADA33728A8D2A8;
			remoteInfo = ZERO_CHECK;
		};
/* End PBXContainerItemProxy section */

/* Begin PBXFileReference section */
		0A090EDD2E4343BBA0CB2F76 /* /Users/shiobara/Documents/Fliperama/include/Mapa.hpp */ = {isa = PBXFileReference; explicitFileType = sourcecode.cpp.h; fileEncoding = 4; name = Mapa.hpp; path = include/Mapa.hpp; sourceTree = SOURCE_ROOT; };
		13CEFF32576540C1B7BBA5A1 /* /Users/shiobara/Documents/Fliperama/src/Entidade.cpp */ = {isa = PBXFileReference; explicitFileType = sourcecode.cpp.cpp; fileEncoding = 4; name = Entidade.cpp; path = src/Entidade.cpp; sourceTree = SOURCE_ROOT; };
		1ED018BB112441A5BCCE58F6 /* /Users/shiobara/Documents/Fliperama/src/Pong.cpp */ = {isa = PBXFileReference; explicitFileType = sourcecode.cpp.cpp; fileEncoding = 4; name = Pong.cpp; path = src/Pong.cpp; sourceTree = SOURCE_ROOT; };
		33F7F9B3D4C045DFA950B631 /* /Users/shiobara/Documents/Fliperama/assets/.DS_Store */ = {isa = PBXFileReference; explicitFileType = default; fileEncoding = 4; name = .DS_Store; path = assets/.DS_Store; sourceTree = SOURCE_ROOT; };
		37517777ADF24BD3A15DD782 /* /Users/shiobara/Documents/Fliperama/src/main.cpp */ = {isa = PBXFileReference; explicitFileType = sourcecode.cpp.cpp; fileEncoding = 4; name = main.cpp; path = src/main.cpp; sourceTree = SOURCE_ROOT; };
		389AF67BBE724A8F8EBCAECB /* /Users/shiobara/Documents/Fliperama/include/Tetris.hpp */ = {isa = PBXFileReference; explicitFileType = sourcecode.cpp.h; fileEncoding = 4; name = Tetris.hpp; path = include/Tetris.hpp; sourceTree = SOURCE_ROOT; };
		447D100B4A1745B89F1F0AB7 /* /Users/shiobara/Documents/Fliperama/src/PoderVelocidade.cpp */ = {isa = PBXFileReference; explicitFileType = sourcecode.cpp.cpp; fileEncoding = 4; name = PoderVelocidade.cpp; path = src/PoderVelocidade.cpp; sourceTree = SOURCE_ROOT; };
		4FA6E11FEFEC4FBEAFE9CD81 /* /Users/shiobara/Documents/Fliperama/include/VectorTL.hpp */ = {isa = PBXFileReference; explicitFileType = sourcecode.cpp.h; fileEncoding = 4; name = VectorTL.hpp; path = include/VectorTL.hpp; sourceTree = SOURCE_ROOT; };
		525643DDB2A94DEB9ED83902 /* /Users/shiobara/Documents/Fliperama/src/Raquete.cpp */ = {isa = PBXFileReference; explicitFileType = sourcecode.cpp.cpp; fileEncoding = 4; name = Raquete.cpp; path = src/Raquete.cpp; sourceTree = SOURCE_ROOT; };
		5D10347F63B74109AA6A8B6C /* /Users/shiobara/Documents/Fliperama/src/PoderTamanho.cpp */ = {isa = PBXFileReference; explicitFileType = sourcecode.cpp.cpp; fileEncoding = 4; name = PoderTamanho.cpp; path = src/PoderTamanho.cpp; sourceTree = SOURCE_ROOT; };
		689E114B7B1C48C9A0130270 /* /Users/shiobara/Documents/Fliperama/assets/Font/FONT.ttf */ = {isa = PBXFileReference; explicitFileType = default; fileEncoding = 4; name = FONT.ttf; path = assets/Font/FONT.ttf; sourceTree = SOURCE_ROOT; };
		69CF0C0CC1AB4228AD371F34 /* /Users/shiobara/Documents/Fliperama/src/Mapa.cpp */ = {isa = PBXFileReference; explicitFileType = sourcecode.cpp.cpp; fileEncoding = 4; name = Mapa.cpp; path = src/Mapa.cpp; sourceTree = SOURCE_ROOT; };
		6A2AFE2B0D4143D98F188C9E /* /Users/shiobara/Documents/Fliperama/assets/placeholder.txt */ = {isa = PBXFileReference; explicitFileType = sourcecode.text; fileEncoding = 4; name = placeholder.txt; path = assets/placeholder.txt; sourceTree = SOURCE_ROOT; };
		709A3356B73C44C7B143EB05 /* /Users/shiobara/Documents/Fliperama/src/Poderes.cpp */ = {isa = PBXFileReference; explicitFileType = sourcecode.cpp.cpp; fileEncoding = 4; name = Poderes.cpp; path = src/Poderes.cpp; sourceTree = SOURCE_ROOT; };
		71DCE1F4105340F79D27171C /* /Users/shiobara/Documents/Fliperama/include/Pong.hpp */ = {isa = PBXFileReference; explicitFileType = sourcecode.cpp.h; fileEncoding = 4; name = Pong.hpp; path = include/Pong.hpp; sourceTree = SOURCE_ROOT; };
		762811AE7CB94CCF9D4B9466 /* /Users/shiobara/Documents/Fliperama/CMakeLists.txt */ = {isa = PBXFileReference; explicitFileType = sourcecode.text; fileEncoding = 4; name = CMakeLists.txt; path = CMakeLists.txt; sourceTree = SOURCE_ROOT; };
		7CDF581023C2460DB1730076 /* /Users/shiobara/Documents/Fliperama/include/GerenciadorGrafico.hpp */ = {isa = PBXFileReference; explicitFileType = sourcecode.cpp.h; fileEncoding = 4; name = GerenciadorGrafico.hpp; path = include/GerenciadorGrafico.hpp; sourceTree = SOURCE_ROOT; };
		7E41C0AD1D2B44FA9A48F3D8 /* /Users/shiobara/Documents/Fliperama/src/Gol.cpp */ = {isa = PBXFileReference; explicitFileType = sourcecode.cpp.cpp; fileEncoding = 4; name = Gol.cpp; path = src/Gol.cpp; sourceTree = SOURCE_ROOT; };
		81910DA594CD4D73A3CE79E4 /* /Users/shiobara/Documents/Fliperama/src/GerenciadorGrafico.cpp */ = {isa = PBXFileReference; explicitFileType = sourcecode.cpp.cpp; fileEncoding = 4; name = GerenciadorGrafico.cpp; path = src/GerenciadorGrafico.cpp; sourceTree = SOURCE_ROOT; };
		83870D1A6CFD4EC095A9FE04 /* /Users/shiobara/Documents/Fliperama/src/Blocos.cpp */ = {isa = PBXFileReference; explicitFileType = sourcecode.cpp.cpp; fileEncoding = 4; name = Blocos.cpp; path = src/Blocos.cpp; sourceTree = SOURCE_ROOT; };
		8482BA10E15D423798352706 /* /Users/shiobara/Documents/Fliperama/CMakeLists.txt */ = {isa = PBXFileReference; explicitFileType = sourcecode.text; fileEncoding = 4; name = CMakeLists.txt; path = CMakeLists.txt; sourceTree = SOURCE_ROOT; };
		90DF7266E37140A098C5126A /* /Users/shiobara/Documents/Fliperama/include/PoderVelocidade.hpp */ = {isa = PBXFileReference; explicitFileType = sourcecode.cpp.h; fileEncoding = 4; name = PoderVelocidade.hpp; path = include/PoderVelocidade.hpp; sourceTree = SOURCE_ROOT; };
		A1992C0849384EC98752094B /* /Users/shiobara/Documents/Fliperama/src/Tetris.cpp */ = {isa = PBXFileReference; explicitFileType = sourcecode.cpp.cpp; fileEncoding = 4; name = Tetris.cpp; path = src/Tetris.cpp; sourceTree = SOURCE_ROOT; };
		A45608EE18654255951C2637 /* /Users/shiobara/Documents/Fliperama/include/Blocos.hpp */ = {isa = PBXFileReference; explicitFileType = sourcecode.cpp.h; fileEncoding = 4; name = Blocos.hpp; path = include/Blocos.hpp; sourceTree = SOURCE_ROOT; };
		AA95E366FA6B40C2A6F4369E /* /Users/shiobara/Documents/Fliperama/include/Bola.hpp */ = {isa = PBXFileReference; explicitFileType = sourcecode.cpp.h; fileEncoding = 4; name = Bola.hpp; path = include/Bola.hpp; sourceTree = SOURCE_ROOT; };
		AE2A88BB530E48189E797613 /* /Users/shiobara/Documents/Fliperama/include/Poderes.hpp */ = {isa = PBXFileReference; explicitFileType = sourcecode.cpp.h; fileEncoding = 4; name = Poderes.hpp; path = include/Poderes.hpp; sourceTree = SOURCE_ROOT; };
		B732F49C4D9D4ACAB7DA3264 /* /Users/shiobara/Documents/Fliperama/include/Entidade.hpp */ = {isa = PBXFileReference; explicitFileType = sourcecode.cpp.h; fileEncoding = 4; name = Entidade.hpp; path = include/Entidade.hpp; sourceTree = SOURCE_ROOT; };
		C5D58979F28C4020B6435B4A /* /Users/shiobara/Documents/Fliperama/include/Raquete.hpp */ = {isa = PBXFileReference; explicitFileType = sourcecode.cpp.h; fileEncoding = 4; name = Raquete.hpp; path = include/Raquete.hpp; sourceTree = SOURCE_ROOT; };
		CD198A02489541BF8C0E9278 /* /Users/shiobara/Documents/Fliperama/include/Gol.hpp */ = {isa = PBXFileReference; explicitFileType = sourcecode.cpp.h; fileEncoding = 4; name = Gol.hpp; path = include/Gol.hpp; sourceTree = SOURCE_ROOT; };
		CDD0CAC410F64603BBA1DD8D /* Fliperama */ = {isa = PBXFileReference; explicitFileType = "compiled.mach-o.executable"; path = Fliperama; sourceTree = BUILT_PRODUCTS_DIR; };
		DD6A3DA335FC4FE8BAF7A7D2 /* /Users/shiobara/Documents/Fliperama/src/Bola.cpp */ = {isa = PBXFileReference; explicitFileType = sourcecode.cpp.cpp; fileEncoding = 4; name = Bola.cpp; path = src/Bola.cpp; sourceTree = SOURCE_ROOT; };
		F92796C2E9C24AB78AAFD9D1 /* /Users/shiobara/Documents/Fliperama/include/PoderTamanho.hpp */ = {isa = PBXFileReference; explicitFileType = sourcecode.cpp.h; fileEncoding = 4; name = PoderTamanho.hpp; path = include/PoderTamanho.hpp; sourceTree = SOURCE_ROOT; };
/* End PBXFileReference section */

/* Begin PBXFrameworksBuildPhase section */
		7CAFF6D153CC4F8B80EE2247 /* Frameworks */ = {
			isa = PBXFrameworksBuildPhase;
			buildActionMask = 2147483647;
			files = (
			);
			runOnlyForDeploymentPostprocessing = 0;
		};
/* End PBXFrameworksBuildPhase section */

/* Begin PBXGroup section */
		4DC31A2C157943AAA784E36B /* CMake Rules */ = {
			isa = PBXGroup;
			children = (
			);
			name = "CMake Rules";
			sourceTree = "<group>";
		};
		667BD8929DC14FF5BF4D54EF /* ALL_BUILD */ = {
			isa = PBXGroup;
			children = (
				4DC31A2C157943AAA784E36B /* CMake Rules */,
				8482BA10E15D423798352706 /* /Users/shiobara/Documents/Fliperama/CMakeLists.txt */,
			);
			name = ALL_BUILD;
			sourceTree = "<group>";
		};
		83FE6439E57D48E5A9A21038 /* Frameworks */ = {
			isa = PBXGroup;
			children = (
			);
			name = Frameworks;
			sourceTree = "<group>";
		};
		8AD52856FAC04F568EAE1B70 /* Resources */ = {
			isa = PBXGroup;
			children = (
			);
			name = Resources;
			sourceTree = "<group>";
		};
		9997AA6CFDDF42809D1C3FE5 /* Assets */ = {
			isa = PBXGroup;
			children = (
				A0D3B76D657E40B992A34897 /* Font */,
				33F7F9B3D4C045DFA950B631 /* /Users/shiobara/Documents/Fliperama/assets/.DS_Store */,
				6A2AFE2B0D4143D98F188C9E /* /Users/shiobara/Documents/Fliperama/assets/placeholder.txt */,
			);
			name = Assets;
			sourceTree = "<group>";
		};
		A0D3B76D657E40B992A34897 /* Font */ = {
			isa = PBXGroup;
			children = (
				689E114B7B1C48C9A0130270 /* /Users/shiobara/Documents/Fliperama/assets/Font/FONT.ttf */,
			);
			name = Font;
			sourceTree = "<group>";
		};
		B1D0C873C3304FD8A51EB1FE /* Source Files */ = {
			isa = PBXGroup;
			children = (
				83870D1A6CFD4EC095A9FE04 /* /Users/shiobara/Documents/Fliperama/src/Blocos.cpp */,
				DD6A3DA335FC4FE8BAF7A7D2 /* /Users/shiobara/Documents/Fliperama/src/Bola.cpp */,
				13CEFF32576540C1B7BBA5A1 /* /Users/shiobara/Documents/Fliperama/src/Entidade.cpp */,
				81910DA594CD4D73A3CE79E4 /* /Users/shiobara/Documents/Fliperama/src/GerenciadorGrafico.cpp */,
				7E41C0AD1D2B44FA9A48F3D8 /* /Users/shiobara/Documents/Fliperama/src/Gol.cpp */,
				69CF0C0CC1AB4228AD371F34 /* /Users/shiobara/Documents/Fliperama/src/Mapa.cpp */,
				5D10347F63B74109AA6A8B6C /* /Users/shiobara/Documents/Fliperama/src/PoderTamanho.cpp */,
				447D100B4A1745B89F1F0AB7 /* /Users/shiobara/Documents/Fliperama/src/PoderVelocidade.cpp */,
				709A3356B73C44C7B143EB05 /* /Users/shiobara/Documents/Fliperama/src/Poderes.cpp */,
				1ED018BB112441A5BCCE58F6 /* /Users/shiobara/Documents/Fliperama/src/Pong.cpp */,
				525643DDB2A94DEB9ED83902 /* /Users/shiobara/Documents/Fliperama/src/Raquete.cpp */,
				A1992C0849384EC98752094B /* /Users/shiobara/Documents/Fliperama/src/Tetris.cpp */,
				37517777ADF24BD3A15DD782 /* /Users/shiobara/Documents/Fliperama/src/main.cpp */,
			);
			name = "Source Files";
			sourceTree = "<group>";
		};
		BE42BF987E6241A59E2911CD /* Products */ = {
			isa = PBXGroup;
			children = (
				CDD0CAC410F64603BBA1DD8D /* Fliperama */,
			);
			name = Products;
			sourceTree = "<group>";
		};
		C3ABA778F63E46909490AF6D /* Fliperama */ = {
			isa = PBXGroup;
			children = (
				9997AA6CFDDF42809D1C3FE5 /* Assets */,
				DE4F703E13054593AB4FAEBB /* Header Files */,
				B1D0C873C3304FD8A51EB1FE /* Source Files */,
				762811AE7CB94CCF9D4B9466 /* /Users/shiobara/Documents/Fliperama/CMakeLists.txt */,
			);
			name = Fliperama;
			sourceTree = "<group>";
		};
		DE4F703E13054593AB4FAEBB /* Header Files */ = {
			isa = PBXGroup;
			children = (
				A45608EE18654255951C2637 /* /Users/shiobara/Documents/Fliperama/include/Blocos.hpp */,
				AA95E366FA6B40C2A6F4369E /* /Users/shiobara/Documents/Fliperama/include/Bola.hpp */,
				B732F49C4D9D4ACAB7DA3264 /* /Users/shiobara/Documents/Fliperama/include/Entidade.hpp */,
				7CDF581023C2460DB1730076 /* /Users/shiobara/Documents/Fliperama/include/GerenciadorGrafico.hpp */,
				CD198A02489541BF8C0E9278 /* /Users/shiobara/Documents/Fliperama/include/Gol.hpp */,
				0A090EDD2E4343BBA0CB2F76 /* /Users/shiobara/Documents/Fliperama/include/Mapa.hpp */,
				F92796C2E9C24AB78AAFD9D1 /* /Users/shiobara/Documents/Fliperama/include/PoderTamanho.hpp */,
				90DF7266E37140A098C5126A /* /Users/shiobara/Documents/Fliperama/include/PoderVelocidade.hpp */,
				AE2A88BB530E48189E797613 /* /Users/shiobara/Documents/Fliperama/include/Poderes.hpp */,
				71DCE1F4105340F79D27171C /* /Users/shiobara/Documents/Fliperama/include/Pong.hpp */,
				C5D58979F28C4020B6435B4A /* /Users/shiobara/Documents/Fliperama/include/Raquete.hpp */,
				389AF67BBE724A8F8EBCAECB /* /Users/shiobara/Documents/Fliperama/include/Tetris.hpp */,
				4FA6E11FEFEC4FBEAFE9CD81 /* /Users/shiobara/Documents/Fliperama/include/VectorTL.hpp */,
			);
			name = "Header Files";
			sourceTree = "<group>";
		};
		E6B36D9E2AAB477DBEF756EA = {
			isa = PBXGroup;
			children = (
				667BD8929DC14FF5BF4D54EF /* ALL_BUILD */,
				C3ABA778F63E46909490AF6D /* Fliperama */,
				BE42BF987E6241A59E2911CD /* Products */,
				83FE6439E57D48E5A9A21038 /* Frameworks */,
				8AD52856FAC04F568EAE1B70 /* Resources */,
			);
			sourceTree = "<group>";
		};
/* End PBXGroup section */

/* Begin PBXNativeTarget section */
		977DCEA9F0B976D2A5B37B34 /* Fliperama */ = {
			isa = PBXNativeTarget;
			buildConfigurationList = 5B3831BF2E04448BAB059A53 /* Build configuration list for PBXNativeTarget "Fliperama" */;
			buildPhases = (
				A8ADF91F5F8B462298311626 /* Sources */,
				7CAFF6D153CC4F8B80EE2247 /* Frameworks */,
			);
			buildRules = (
			);
			dependencies = (
				E750B7F8CD1441439F94BF6A /* PBXTargetDependency */,
			);
			name = Fliperama;
			productName = Fliperama;
			productReference = CDD0CAC410F64603BBA1DD8D /* Fliperama */;
			productType = "com.apple.product-type.tool";
		};
/* End PBXNativeTarget section */

/* Begin PBXProject section */
		87787BC1A1E046CF94E5C8F5 /* Project object */ = {
			isa = PBXProject;
			attributes = {
				BuildIndependentTargetsInParallel = YES;
				LastUpgradeCheck = 2650;
			};
			buildConfigurationList = C318A1294F354FCF84FF29DF /* Build configuration list for PBXProject "Fliperama" */;
			buildSettings = {
			};
			buildStyles = (
				FDF17E97915C4DB9BCFDEC8A /* Debug */,
				8B3495CA6EFE4C8C8A309425 /* Release */,
				C43825BBF2BD419A86C8F35A /* MinSizeRel */,
				B9ADE21528FD4BEEAD7BF045 /* RelWithDebInfo */,
			);
			compatibilityVersion = "Xcode 3.2";
			hasScannedForEncodings = 0;
			mainGroup = E6B36D9E2AAB477DBEF756EA;
			projectDirPath = .;
			projectRoot = "";
			targets = (
				E34518B2EE1EF93B5F317900 /* ALL_BUILD */,
				977DCEA9F0B976D2A5B37B34 /* Fliperama */,
				70B8E0649FADA33728A8D2A8 /* ZERO_CHECK */,
			);
		};
/* End PBXProject section */

/* Begin PBXShellScriptBuildPhase section */
		3C0110FC8322DE7E50886E21 = {
			isa = PBXShellScriptBuildPhase;
			buildActionMask = 2147483647;
			files = (
			);
			inputPaths = (
			);
			outputPaths = (
			);
			runOnlyForDeploymentPostprocessing = 0;
			shellPath = /bin/sh;
			shellScript = "# shell script goes here
exit 0";
			showEnvVarsInLog = 0;
		};
		419458AD47186170C2F33607 /* Generate CMakeFiles/ZERO_CHECK */ = {
			isa = PBXShellScriptBuildPhase;
			alwaysOutOfDate = 1;
			buildActionMask = 2147483647;
			files = (
			);
			inputPaths = (
			);
			name = "Generate CMakeFiles/ZERO_CHECK";
			outputPaths = (
/Users/shiobara/Documents/Fliperama/CMakeFiles/ZERO_CHECK			);
			runOnlyForDeploymentPostprocessing = 0;
			shellPath = /bin/sh;
			shellScript = "set -e
if test \"$CONFIGURATION\" = \"Debug\"; then :
  cd /Users/shiobara/Documents/Fliperama
  make -f /Users/shiobara/Documents/Fliperama/CMakeScripts/ReRunCMake.make
fi
if test \"$CONFIGURATION\" = \"Release\"; then :
  cd /Users/shiobara/Documents/Fliperama
  make -f /Users/shiobara/Documents/Fliperama/CMakeScripts/ReRunCMake.make
fi
if test \"$CONFIGURATION\" = \"MinSizeRel\"; then :
  cd /Users/shiobara/Documents/Fliperama
  make -f /Users/shiobara/Documents/Fliperama/CMakeScripts/ReRunCMake.make
fi
if test \"$CONFIGURATION\" = \"RelWithDebInfo\"; then :
  cd /Users/shiobara/Documents/Fliperama
  make -f /Users/shiobara/Documents/Fliperama/CMakeScripts/ReRunCMake.make
fi
";
			showEnvVarsInLog = 0;
		};
		9B50530E35CC49C82C2FACCF = {
			isa = PBXShellScriptBuildPhase;
			buildActionMask = 2147483647;
			files = (
			);
			inputPaths = (
			);
			outputPaths = (
			);
			runOnlyForDeploymentPostprocessing = 0;
			shellPath = /bin/sh;
			shellScript = "# shell script goes here
exit 0";
			showEnvVarsInLog = 0;
		};
		B64C2DF89512CF848225D82B /* Generate CMakeFiles/ALL_BUILD */ = {
			isa = PBXShellScriptBuildPhase;
			alwaysOutOfDate = 1;
			buildActionMask = 2147483647;
			files = (
			);
			inputPaths = (
			);
			name = "Generate CMakeFiles/ALL_BUILD";
			outputPaths = (
/Users/shiobara/Documents/Fliperama/CMakeFiles/ALL_BUILD			);
			runOnlyForDeploymentPostprocessing = 0;
			shellPath = /bin/sh;
			shellScript = "set -e
if test \"$CONFIGURATION\" = \"Debug\"; then :
  cd /Users/shiobara/Documents/Fliperama
  echo Build\\ all\\ projects
fi
if test \"$CONFIGURATION\" = \"Release\"; then :
  cd /Users/shiobara/Documents/Fliperama
  echo Build\\ all\\ projects
fi
if test \"$CONFIGURATION\" = \"MinSizeRel\"; then :
  cd /Users/shiobara/Documents/Fliperama
  echo Build\\ all\\ projects
fi
if test \"$CONFIGURATION\" = \"RelWithDebInfo\"; then :
  cd /Users/shiobara/Documents/Fliperama
  echo Build\\ all\\ projects
fi
";
			showEnvVarsInLog = 0;
		};
/* End PBXShellScriptBuildPhase section */

/* Begin PBXSourcesBuildPhase section */
		A8ADF91F5F8B462298311626 /* Sources */ = {
			isa = PBXSourcesBuildPhase;
			buildActionMask = 2147483647;
			files = (
				6C87B9D6C8374AA7A3EAA7AB /* /Users/shiobara/Documents/Fliperama/src/Blocos.cpp */,
				C1E225ECE15C4FC79EA5B63F /* /Users/shiobara/Documents/Fliperama/src/Bola.cpp */,
				143A837EB675446192E1AD5F /* /Users/shiobara/Documents/Fliperama/src/Entidade.cpp */,
				DA34B51CD852471ABDD0970D /* /Users/shiobara/Documents/Fliperama/src/GerenciadorGrafico.cpp */,
				A53DE303AB3D4BB1B4FFFDEC /* /Users/shiobara/Documents/Fliperama/src/Gol.cpp */,
				F5EC728103434789AB75C088 /* /Users/shiobara/Documents/Fliperama/src/Mapa.cpp */,
				96510804EB114ADCA1F87B3A /* /Users/shiobara/Documents/Fliperama/src/PoderTamanho.cpp */,
				6EF12899D6FF48E5BCC36099 /* /Users/shiobara/Documents/Fliperama/src/PoderVelocidade.cpp */,
				72931A4A001E4C65B56CA060 /* /Users/shiobara/Documents/Fliperama/src/Poderes.cpp */,
				C58C30B86F6145F7B8A8E66A /* /Users/shiobara/Documents/Fliperama/src/Pong.cpp */,
				EC491F913A4346A9A3BA613E /* /Users/shiobara/Documents/Fliperama/src/Raquete.cpp */,
				9A4B8D221FF8422C86414BB3 /* /Users/shiobara/Documents/Fliperama/src/Tetris.cpp */,
				2B620FE7AE8E4564A536DA62 /* /Users/shiobara/Documents/Fliperama/src/main.cpp */,
			);
			runOnlyForDeploymentPostprocessing = 0;
		};
/* End PBXSourcesBuildPhase section */

/* Begin PBXTargetDependency section */
		B5A0302A29C14B9ABA4688C7 /* PBXTargetDependency */ = {
			isa = PBXTargetDependency;
			target = 977DCEA9F0B976D2A5B37B34 /* Fliperama */;
			targetProxy = 6533BB37BD8E4B478264799E /* PBXContainerItemProxy */;
		};
		DB55488D4DBA46B5A36AB050 /* PBXTargetDependency */ = {
			isa = PBXTargetDependency;
			target = 70B8E0649FADA33728A8D2A8 /* ZERO_CHECK */;
			targetProxy = C9866FBA811340B8B58B3E65 /* PBXContainerItemProxy */;
		};
		E750B7F8CD1441439F94BF6A /* PBXTargetDependency */ = {
			isa = PBXTargetDependency;
			target = 70B8E0649FADA33728A8D2A8 /* ZERO_CHECK */;
			targetProxy = C703C2B00BCE4C42B43F3612 /* PBXContainerItemProxy */;
		};
/* End PBXTargetDependency section */

/* Begin XCBuildConfiguration section */
		01FDAB07A6D7449C8B1EBA0D /* RelWithDebInfo */ = {
			isa = XCBuildConfiguration;
			buildSettings = {
				ALWAYS_SEARCH_USER_PATHS = NO;
				ARCHS = arm64;
				COMBINE_HIDPI_IMAGES = YES;
				GCC_GENERATE_DEBUGGING_SYMBOLS = YES;
				GCC_INLINES_ARE_PRIVATE_EXTERN = NO;
				GCC_OPTIMIZATION_LEVEL = 0;
				GCC_PREPROCESSOR_DEFINITIONS = ("'CMAKE_INTDIR=\"$(CONFIGURATION)$(EFFECTIVE_PLATFORM_NAME)\"'","$(inherited)");
				GCC_SYMBOLS_PRIVATE_EXTERN = NO;
				INSTALL_PATH = "";
				ONLY_ACTIVE_ARCH = NO;
				OTHER_LDFLAGS = ("","$(inherited)");
				OTHER_REZFLAGS = "";
				PRODUCT_NAME = ZERO_CHECK;
				SECTORDER_FLAGS = "";
				USE_HEADERMAP = NO;
				WARNING_CFLAGS = ("$(inherited)");
			};
			name = RelWithDebInfo;
		};
		14605AF4A2C540F8BF330DFF /* Debug */ = {
			isa = XCBuildConfiguration;
			buildSettings = {
				ALWAYS_SEARCH_USER_PATHS = NO;
				ARCHS = arm64;
				COMBINE_HIDPI_IMAGES = YES;
				GCC_GENERATE_DEBUGGING_SYMBOLS = YES;
				GCC_INLINES_ARE_PRIVATE_EXTERN = NO;
				GCC_OPTIMIZATION_LEVEL = 0;
				GCC_PREPROCESSOR_DEFINITIONS = ("'CMAKE_INTDIR=\"$(CONFIGURATION)$(EFFECTIVE_PLATFORM_NAME)\"'","$(inherited)");
				GCC_SYMBOLS_PRIVATE_EXTERN = NO;
				INSTALL_PATH = "";
				ONLY_ACTIVE_ARCH = NO;
				OTHER_LDFLAGS = ("","$(inherited)");
				OTHER_REZFLAGS = "";
				PRODUCT_NAME = ZERO_CHECK;
				SECTORDER_FLAGS = "";
				USE_HEADERMAP = NO;
				WARNING_CFLAGS = ("$(inherited)");
			};
			name = Debug;
		};
		17D35B29A62349E491AF6C34 /* MinSizeRel */ = {
			isa = XCBuildConfiguration;
			buildSettings = {
				ARCHS = arm64;
				SDKROOT = "";
				SWIFT_COMPILATION_MODE = wholemodule;
				SYMROOT = /Users/shiobara/Documents/Fliperama/build;
			};
			name = MinSizeRel;
		};
		52327C72075A4462A6F6151B /* Debug */ = {
			isa = XCBuildConfiguration;
			buildSettings = {
				ARCHS = arm64;
				SDKROOT = "";
				SYMROOT = /Users/shiobara/Documents/Fliperama/build;
			};
			name = Debug;
		};
		55FC573831E14BB294366B43 /* Release */ = {
			isa = XCBuildConfiguration;
			buildSettings = {
				ARCHS = arm64;
				SDKROOT = "";
				SWIFT_COMPILATION_MODE = wholemodule;
				SYMROOT = /Users/shiobara/Documents/Fliperama/build;
			};
			name = Release;
		};
		65E54D625EE24BD3BB3C87DF /* RelWithDebInfo */ = {
			isa = XCBuildConfiguration;
			buildSettings = {
				ALWAYS_SEARCH_USER_PATHS = NO;
				ARCHS = arm64;
				COMBINE_HIDPI_IMAGES = YES;
				GCC_GENERATE_DEBUGGING_SYMBOLS = YES;
				GCC_INLINES_ARE_PRIVATE_EXTERN = NO;
				GCC_OPTIMIZATION_LEVEL = 0;
				GCC_PREPROCESSOR_DEFINITIONS = ("'CMAKE_INTDIR=\"$(CONFIGURATION)$(EFFECTIVE_PLATFORM_NAME)\"'","$(inherited)");
				GCC_SYMBOLS_PRIVATE_EXTERN = NO;
				INSTALL_PATH = "";
				ONLY_ACTIVE_ARCH = NO;
				OTHER_LDFLAGS = ("","$(inherited)");
				OTHER_REZFLAGS = "";
				PRODUCT_NAME = ALL_BUILD;
				SECTORDER_FLAGS = "";
				USE_HEADERMAP = NO;
				WARNING_CFLAGS = ("$(inherited)");
			};
			name = RelWithDebInfo;
		};
		8558D2587C554F2895D683FD /* MinSizeRel */ = {
			isa = XCBuildConfiguration;
			buildSettings = {
				ALWAYS_SEARCH_USER_PATHS = NO;
				ARCHS = arm64;
				COMBINE_HIDPI_IMAGES = YES;
				CONFIGURATION_BUILD_DIR = /Users/shiobara/Documents/Fliperama/MinSizeRel;
				CUSTOM_LAUNCH_PROPERTY = /Users/shiobara/Documents/Fliperama;
				EXECUTABLE_PREFIX = "";
				EXECUTABLE_SUFFIX = "";
				GCC_GENERATE_DEBUGGING_SYMBOLS = NO;
				GCC_INLINES_ARE_PRIVATE_EXTERN = NO;
				GCC_OPTIMIZATION_LEVEL = s;
				GCC_PREPROCESSOR_DEFINITIONS = ("'CMAKE_INTDIR=\"$(CONFIGURATION)$(EFFECTIVE_PLATFORM_NAME)\"'","$(inherited)");
				GCC_SYMBOLS_PRIVATE_EXTERN = NO;
				HEADER_SEARCH_PATHS = (/Users/shiobara/Documents/Fliperama/include,"$(inherited)");
				INSTALL_PATH = "";
				LD_RUNPATH_SEARCH_PATHS = (/opt/homebrew/lib,"$(inherited)");
				ONLY_ACTIVE_ARCH = NO;
				OTHER_CPLUSPLUSFLAGS = "    -DNDEBUG '-std=gnu++17' ";
				OTHER_LDFLAGS = (" -Wl,-search_paths_first -Wl,-headerpad_max_install_names","/opt/homebrew/lib/libsfml-graphics.2.6.2.dylib","/opt/homebrew/lib/libsfml-window.2.6.2.dylib","/opt/homebrew/lib/libsfml-audio.2.6.2.dylib","/opt/homebrew/lib/libsfml-system.2.6.2.dylib","$(inherited)");
				OTHER_REZFLAGS = "";
				PRODUCT_NAME = Fliperama;
				SECTORDER_FLAGS = "";
				SYSTEM_HEADER_SEARCH_PATHS = (/opt/homebrew/include,"$(inherited)");
				TARGET_TEMP_DIR = "/Users/shiobara/Documents/Fliperama/build/Fliperama.build/$(CONFIGURATION)$(EFFECTIVE_PLATFORM_NAME)";
				USE_HEADERMAP = NO;
				WARNING_CFLAGS = ("$(inherited)");
			};
			name = MinSizeRel;
		};
		8B270A33CB7144C281E5C5AB /* Debug */ = {
			isa = XCBuildConfiguration;
			buildSettings = {
				ALWAYS_SEARCH_USER_PATHS = NO;
				ARCHS = arm64;
				COMBINE_HIDPI_IMAGES = YES;
				GCC_GENERATE_DEBUGGING_SYMBOLS = YES;
				GCC_INLINES_ARE_PRIVATE_EXTERN = NO;
				GCC_OPTIMIZATION_LEVEL = 0;
				GCC_PREPROCESSOR_DEFINITIONS = ("'CMAKE_INTDIR=\"$(CONFIGURATION)$(EFFECTIVE_PLATFORM_NAME)\"'","$(inherited)");
				GCC_SYMBOLS_PRIVATE_EXTERN = NO;
				INSTALL_PATH = "";
				ONLY_ACTIVE_ARCH = NO;
				OTHER_LDFLAGS = ("","$(inherited)");
				OTHER_REZFLAGS = "";
				PRODUCT_NAME = ALL_BUILD;
				SECTORDER_FLAGS = "";
				USE_HEADERMAP = NO;
				WARNING_CFLAGS = ("$(inherited)");
			};
			name = Debug;
		};
		A3BC3EC401884380AC24B611 /* RelWithDebInfo */ = {
			isa = XCBuildConfiguration;
			buildSettings = {
				ARCHS = arm64;
				SDKROOT = "";
				SWIFT_COMPILATION_MODE = wholemodule;
				SYMROOT = /Users/shiobara/Documents/Fliperama/build;
			};
			name = RelWithDebInfo;
		};
		A3F5D16CBEC64BE1B918405D /* Release */ = {
			isa = XCBuildConfiguration;
			buildSettings = {
				ALWAYS_SEARCH_USER_PATHS = NO;
				ARCHS = arm64;
				COMBINE_HIDPI_IMAGES = YES;
				GCC_GENERATE_DEBUGGING_SYMBOLS = YES;
				GCC_INLINES_ARE_PRIVATE_EXTERN = NO;
				GCC_OPTIMIZATION_LEVEL = 0;
				GCC_PREPROCESSOR_DEFINITIONS = ("'CMAKE_INTDIR=\"$(CONFIGURATION)$(EFFECTIVE_PLATFORM_NAME)\"'","$(inherited)");
				GCC_SYMBOLS_PRIVATE_EXTERN = NO;
				INSTALL_PATH = "";
				ONLY_ACTIVE_ARCH = NO;
				OTHER_LDFLAGS = ("","$(inherited)");
				OTHER_REZFLAGS = "";
				PRODUCT_NAME = ALL_BUILD;
				SECTORDER_FLAGS = "";
				USE_HEADERMAP = NO;
				WARNING_CFLAGS = ("$(inherited)");
			};
			name = Release;
		};
		B61BF83B216B45CC8C9B8BFA /* MinSizeRel */ = {
			isa = XCBuildConfiguration;
			buildSettings = {
				ALWAYS_SEARCH_USER_PATHS = NO;
				ARCHS = arm64;
				COMBINE_HIDPI_IMAGES = YES;
				GCC_GENERATE_DEBUGGING_SYMBOLS = YES;
				GCC_INLINES_ARE_PRIVATE_EXTERN = NO;
				GCC_OPTIMIZATION_LEVEL = 0;
				GCC_PREPROCESSOR_DEFINITIONS = ("'CMAKE_INTDIR=\"$(CONFIGURATION)$(EFFECTIVE_PLATFORM_NAME)\"'","$(inherited)");
				GCC_SYMBOLS_PRIVATE_EXTERN = NO;
				INSTALL_PATH = "";
				ONLY_ACTIVE_ARCH = NO;
				OTHER_LDFLAGS = ("","$(inherited)");
				OTHER_REZFLAGS = "";
				PRODUCT_NAME = ZERO_CHECK;
				SECTORDER_FLAGS = "";
				USE_HEADERMAP = NO;
				WARNING_CFLAGS = ("$(inherited)");
			};
			name = MinSizeRel;
		};
		DD3D4C6A808E472294A9DBCC /* Debug */ = {
			isa = XCBuildConfiguration;
			buildSettings = {
				ALWAYS_SEARCH_USER_PATHS = NO;
				ARCHS = arm64;
				COMBINE_HIDPI_IMAGES = YES;
				CONFIGURATION_BUILD_DIR = /Users/shiobara/Documents/Fliperama/Debug;
				CUSTOM_LAUNCH_PROPERTY = /Users/shiobara/Documents/Fliperama;
				EXECUTABLE_PREFIX = "";
				EXECUTABLE_SUFFIX = "";
				GCC_GENERATE_DEBUGGING_SYMBOLS = YES;
				GCC_INLINES_ARE_PRIVATE_EXTERN = NO;
				GCC_OPTIMIZATION_LEVEL = 0;
				GCC_PREPROCESSOR_DEFINITIONS = ("'CMAKE_INTDIR=\"$(CONFIGURATION)$(EFFECTIVE_PLATFORM_NAME)\"'","$(inherited)");
				GCC_SYMBOLS_PRIVATE_EXTERN = NO;
				HEADER_SEARCH_PATHS = (/Users/shiobara/Documents/Fliperama/include,"$(inherited)");
				INSTALL_PATH = "";
				LD_RUNPATH_SEARCH_PATHS = (/opt/homebrew/lib,"$(inherited)");
				ONLY_ACTIVE_ARCH = NO;
				OTHER_CPLUSPLUSFLAGS = "   '-std=gnu++17' ";
				OTHER_LDFLAGS = (" -Wl,-search_paths_first -Wl,-headerpad_max_install_names","/opt/homebrew/lib/libsfml-graphics.2.6.2.dylib","/opt/homebrew/lib/libsfml-window.2.6.2.dylib","/opt/homebrew/lib/libsfml-audio.2.6.2.dylib","/opt/homebrew/lib/libsfml-system.2.6.2.dylib","$(inherited)");
				OTHER_REZFLAGS = "";
				PRODUCT_NAME = Fliperama;
				SECTORDER_FLAGS = "";
				SYSTEM_HEADER_SEARCH_PATHS = (/opt/homebrew/include,"$(inherited)");
				TARGET_TEMP_DIR = "/Users/shiobara/Documents/Fliperama/build/Fliperama.build/$(CONFIGURATION)$(EFFECTIVE_PLATFORM_NAME)";
				USE_HEADERMAP = NO;
				WARNING_CFLAGS = ("$(inherited)");
			};
			name = Debug;
		};
		E7E0006ADA4E4B03825DD1DA /* Release */ = {
			isa = XCBuildConfiguration;
			buildSettings = {
				ALWAYS_SEARCH_USER_PATHS = NO;
				ARCHS = arm64;
				COMBINE_HIDPI_IMAGES = YES;
				CONFIGURATION_BUILD_DIR = /Users/shiobara/Documents/Fliperama/Release;
				CUSTOM_LAUNCH_PROPERTY = /Users/shiobara/Documents/Fliperama;
				EXECUTABLE_PREFIX = "";
				EXECUTABLE_SUFFIX = "";
				GCC_GENERATE_DEBUGGING_SYMBOLS = NO;
				GCC_INLINES_ARE_PRIVATE_EXTERN = NO;
				GCC_OPTIMIZATION_LEVEL = 3;
				GCC_PREPROCESSOR_DEFINITIONS = ("'CMAKE_INTDIR=\"$(CONFIGURATION)$(EFFECTIVE_PLATFORM_NAME)\"'","$(inherited)");
				GCC_SYMBOLS_PRIVATE_EXTERN = NO;
				HEADER_SEARCH_PATHS = (/Users/shiobara/Documents/Fliperama/include,"$(inherited)");
				INSTALL_PATH = "";
				LD_RUNPATH_SEARCH_PATHS = (/opt/homebrew/lib,"$(inherited)");
				ONLY_ACTIVE_ARCH = NO;
				OTHER_CPLUSPLUSFLAGS = "    -DNDEBUG '-std=gnu++17' ";
				OTHER_LDFLAGS = (" -Wl,-search_paths_first -Wl,-headerpad_max_install_names","/opt/homebrew/lib/libsfml-graphics.2.6.2.dylib","/opt/homebrew/lib/libsfml-window.2.6.2.dylib","/opt/homebrew/lib/libsfml-audio.2.6.2.dylib","/opt/homebrew/lib/libsfml-system.2.6.2.dylib","$(inherited)");
				OTHER_REZFLAGS = "";
				PRODUCT_NAME = Fliperama;
				SECTORDER_FLAGS = "";
				SYSTEM_HEADER_SEARCH_PATHS = (/opt/homebrew/include,"$(inherited)");
				TARGET_TEMP_DIR = "/Users/shiobara/Documents/Fliperama/build/Fliperama.build/$(CONFIGURATION)$(EFFECTIVE_PLATFORM_NAME)";
				USE_HEADERMAP = NO;
				WARNING_CFLAGS = ("$(inherited)");
			};
			name = Release;
		};
		EEC96164B451414EB937095D /* Release */ = {
			isa = XCBuildConfiguration;
			buildSettings = {
				ALWAYS_SEARCH_USER_PATHS = NO;
				ARCHS = arm64;
				COMBINE_HIDPI_IMAGES = YES;
				GCC_GENERATE_DEBUGGING_SYMBOLS = YES;
				GCC_INLINES_ARE_PRIVATE_EXTERN = NO;
				GCC_OPTIMIZATION_LEVEL = 0;
				GCC_PREPROCESSOR_DEFINITIONS = ("'CMAKE_INTDIR=\"$(CONFIGURATION)$(EFFECTIVE_PLATFORM_NAME)\"'","$(inherited)");
				GCC_SYMBOLS_PRIVATE_EXTERN = NO;
				INSTALL_PATH = "";
				ONLY_ACTIVE_ARCH = NO;
				OTHER_LDFLAGS = ("","$(inherited)");
				OTHER_REZFLAGS = "";
				PRODUCT_NAME = ZERO_CHECK;
				SECTORDER_FLAGS = "";
				USE_HEADERMAP = NO;
				WARNING_CFLAGS = ("$(inherited)");
			};
			name = Release;
		};
		F57368AD42B74CC6B95F734F /* RelWithDebInfo */ = {
			isa = XCBuildConfiguration;
			buildSettings = {
				ALWAYS_SEARCH_USER_PATHS = NO;
				ARCHS = arm64;
				COMBINE_HIDPI_IMAGES = YES;
				CONFIGURATION_BUILD_DIR = /Users/shiobara/Documents/Fliperama/RelWithDebInfo;
				CUSTOM_LAUNCH_PROPERTY = /Users/shiobara/Documents/Fliperama;
				EXECUTABLE_PREFIX = "";
				EXECUTABLE_SUFFIX = "";
				GCC_GENERATE_DEBUGGING_SYMBOLS = YES;
				GCC_INLINES_ARE_PRIVATE_EXTERN = NO;
				GCC_OPTIMIZATION_LEVEL = 2;
				GCC_PREPROCESSOR_DEFINITIONS = ("'CMAKE_INTDIR=\"$(CONFIGURATION)$(EFFECTIVE_PLATFORM_NAME)\"'","$(inherited)");
				GCC_SYMBOLS_PRIVATE_EXTERN = NO;
				HEADER_SEARCH_PATHS = (/Users/shiobara/Documents/Fliperama/include,"$(inherited)");
				INSTALL_PATH = "";
				LD_RUNPATH_SEARCH_PATHS = (/opt/homebrew/lib,"$(inherited)");
				ONLY_ACTIVE_ARCH = NO;
				OTHER_CPLUSPLUSFLAGS = "       -DNDEBUG '-std=gnu++17' ";
				OTHER_LDFLAGS = (" -Wl,-search_paths_first -Wl,-headerpad_max_install_names","/opt/homebrew/lib/libsfml-graphics.2.6.2.dylib","/opt/homebrew/lib/libsfml-window.2.6.2.dylib","/opt/homebrew/lib/libsfml-audio.2.6.2.dylib","/opt/homebrew/lib/libsfml-system.2.6.2.dylib","$(inherited)");
				OTHER_REZFLAGS = "";
				PRODUCT_NAME = Fliperama;
				SECTORDER_FLAGS = "";
				SYSTEM_HEADER_SEARCH_PATHS = (/opt/homebrew/include,"$(inherited)");
				TARGET_TEMP_DIR = "/Users/shiobara/Documents/Fliperama/build/Fliperama.build/$(CONFIGURATION)$(EFFECTIVE_PLATFORM_NAME)";
				USE_HEADERMAP = NO;
				WARNING_CFLAGS = ("$(inherited)");
			};
			name = RelWithDebInfo;
		};
		FE79B1CA78714313A4A655EF /* MinSizeRel */ = {
			isa = XCBuildConfiguration;
			buildSettings = {
				ALWAYS_SEARCH_USER_PATHS = NO;
				ARCHS = arm64;
				COMBINE_HIDPI_IMAGES = YES;
				GCC_GENERATE_DEBUGGING_SYMBOLS = YES;
				GCC_INLINES_ARE_PRIVATE_EXTERN = NO;
				GCC_OPTIMIZATION_LEVEL = 0;
				GCC_PREPROCESSOR_DEFINITIONS = ("'CMAKE_INTDIR=\"$(CONFIGURATION)$(EFFECTIVE_PLATFORM_NAME)\"'","$(inherited)");
				GCC_SYMBOLS_PRIVATE_EXTERN = NO;
				INSTALL_PATH = "";
				ONLY_ACTIVE_ARCH = NO;
				OTHER_LDFLAGS = ("","$(inherited)");
				OTHER_REZFLAGS = "";
				PRODUCT_NAME = ALL_BUILD;
				SECTORDER_FLAGS = "";
				USE_HEADERMAP = NO;
				WARNING_CFLAGS = ("$(inherited)");
			};
			name = MinSizeRel;
		};
/* End XCBuildConfiguration section */

/* Begin XCConfigurationList section */
		5B3831BF2E04448BAB059A53 /* Build configuration list for PBXNativeTarget "Fliperama" */ = {
			isa = XCConfigurationList;
			buildConfigurations = (
				DD3D4C6A808E472294A9DBCC /* Debug */,
				E7E0006ADA4E4B03825DD1DA /* Release */,
				8558D2587C554F2895D683FD /* MinSizeRel */,
				F57368AD42B74CC6B95F734F /* RelWithDebInfo */,
			);
			defaultConfigurationIsVisible = 0;
			defaultConfigurationName = Debug;
		};
		790684D52A3F4535802B56DF /* Build configuration list for PBXAggregateTarget "ALL_BUILD" */ = {
			isa = XCConfigurationList;
			buildConfigurations = (
				8B270A33CB7144C281E5C5AB /* Debug */,
				A3F5D16CBEC64BE1B918405D /* Release */,
				FE79B1CA78714313A4A655EF /* MinSizeRel */,
				65E54D625EE24BD3BB3C87DF /* RelWithDebInfo */,
			);
			defaultConfigurationIsVisible = 0;
			defaultConfigurationName = Debug;
		};
		C318A1294F354FCF84FF29DF /* Build configuration list for PBXProject "Fliperama" */ = {
			isa = XCConfigurationList;
			buildConfigurations = (
				52327C72075A4462A6F6151B /* Debug */,
				55FC573831E14BB294366B43 /* Release */,
				17D35B29A62349E491AF6C34 /* MinSizeRel */,
				A3BC3EC401884380AC24B611 /* RelWithDebInfo */,
			);
			defaultConfigurationIsVisible = 0;
			defaultConfigurationName = Debug;
		};
		CC70D569F66646D9A5F443B0 /* Build configuration list for PBXAggregateTarget "ZERO_CHECK" */ = {
			isa = XCConfigurationList;
			buildConfigurations = (
				14605AF4A2C540F8BF330DFF /* Debug */,
				EEC96164B451414EB937095D /* Release */,
				B61BF83B216B45CC8C9B8BFA /* MinSizeRel */,
				01FDAB07A6D7449C8B1EBA0D /* RelWithDebInfo */,
			);
			defaultConfigurationIsVisible = 0;
			defaultConfigurationName = Debug;
		};
/* End XCConfigurationList section */
	};
	rootObject = 87787BC1A1E046CF94E5C8F5 /* Project object */;
}
